Microsoft Visual Studio Solution File, Format Version 12.00
# Visual Studio Version 16
VisualStudioVersion = 16.0.30907.101
MinimumVisualStudioVersion = 10.0.40219.1
Project("{FAE04EC0-301F-11D3-BF4B-00C04F79EFBC}") = "Hitager", "sources\Hitager\Hitager.csproj", "{FF4ADB46-210E-429E-9176-68613F5CBE90}"
EndProject
Project("{FAE04EC0-301F-11D3-BF4B-00C04F79EFBC}") = "Be.Windows.Forms.HexBox", "sources\Be.Windows.Forms.HexBox\Be.Windows.Forms.HexBox.csproj", "{26C5F25F-B450-4CAF-AD8B-B8D11AE73457}"
EndProject
Global
	GlobalSection(SolutionConfigurationPlatforms) = preSolution
		Debug|Any CPU = Debug|Any CPU
		Debug|x86 = Debug|x86
		Release|Any CPU = Release|Any CPU
		Release|x86 = Release|x86
	EndGlobalSection
	GlobalSection(ProjectConfigurationPlatforms) = postSolution
		{FF4ADB46-210E-429E-9176-68613F5CBE90}.Debug|Any CPU.ActiveCfg = Debug|Any CPU
		{FF4ADB46-210E-429E-9176-68613F5CBE90}.Debug|Any CPU.Build.0 = Debug|Any CPU
		{FF4ADB46-210E-429E-9176-68613F5CBE90}.Debug|x86.ActiveCfg = Debug|x86
		{FF4ADB46-210E-429E-9176-68613F5CBE90}.Debug|x86.Build.0 = Debug|x86
		{FF4ADB46-210E-429E-9176-68613F5CBE90}.Release|Any CPU.ActiveCfg = Release|Any CPU
		{FF4ADB46-210E-429E-9176-68613F5CBE90}.Release|Any CPU.Build.0 = Release|Any CPU
		{FF4ADB46-210E-429E-9176-68613F5CBE90}.Release|x86.ActiveCfg = Release|x86
		{FF4ADB46-210E-429E-9176-68613F5CBE90}.Release|x86.Build.0 = Release|x86
		{26C5F25F-B450-4CAF-AD8B-B8D11AE73457}.Debug|Any CPU.ActiveCfg = Debug|Any CPU
		{26C5F25F-B450-4CAF-AD8B-B8D11AE73457}.Debug|Any CPU.Build.0 = Debug|Any CPU
		{26C5F25F-B450-4CAF-AD8B-B8D11AE73457}.Debug|x86.ActiveCfg = Debug|Any CPU
		{26C5F25F-B450-4CAF-AD8B-B8D11AE73457}.Debug|x86.Build.0 = Debug|Any CPU
		{26C5F25F-B450-4CAF-AD8B-B8D11AE73457}.Release|Any CPU.ActiveCfg = Release|Any CPU
		{26C5F25F-B450-4CAF-AD8B-B8D11AE73457}.Release|Any CPU.Build.0 = Release|Any CPU
		{26C5F25F-B450-4CAF-AD8B-B8D11AE73457}.Release|x86.ActiveCfg = Release|Any CPU
		{26C5F25F-B450-4CAF-AD8B-B8D11AE73457}.Release|x86.Build.0 = Release|Any CPU
	EndGlobalSection
	GlobalSection(SolutionProperties) = preSolution
		HideSolutionNode = FALSE
	EndGlobalSection
	GlobalSection(ExtensibilityGlobals) = postSolution
		SolutionGuid = {1F5573A1-3675-4E21-9082-A1A769F88D3E}
	EndGlobalSection
EndGlobal
